
Microsoft Visual Studio Solution File, Format Version 12.00
# Visual Studio Version 16
VisualStudioVersion = 16.0.29806.167
MinimumVisualStudioVersion = 10.0.40219.1
Project("{9A19103F-16F7-4668-BE54-9A1E7A4F7556}") = "WodApp", "WodApp\WodApp.csproj", "{0801BFBE-E357-4AAD-A197-6967F6CDEB38}"
EndProject
Project("{9A19103F-16F7-4668-BE54-9A1E7A4F7556}") = "Wod.Models", "Wod.Models\Wod.Models.csproj", "{F0D0B2F1-2DC1-4E38-8A9C-ABFFDE050883}"
EndProject
Project("{9A19103F-16F7-4668-BE54-9A1E7A4F7556}") = "Wod.Services", "Wod.Services\Wod.Services.csproj", "{DB446C76-A068-49B0-A4E7-0A7033020F04}"
EndProject
Project("{9A19103F-16F7-4668-BE54-9A1E7A4F7556}") = "Wod.Data", "Wod.Data\Wod.Data.csproj", "{D5599E45-2312-4298-AB59-D1E8FB7532C6}"
EndProject
Project("{9A19103F-16F7-4668-BE54-9A1E7A4F7556}") = "TestStuff", "TestStuff\TestStuff.csproj", "{6E9A57E0-395D-475E-9B1A-54CAB763C783}"
EndProject
Project("{FAE04EC0-301F-11D3-BF4B-00C04F79EFBC}") = "WodApp.GlobalValidation", "WodApp.GlobalValidation\WodApp.GlobalValidation.csproj", "{ABFB86B6-B560-4F18-84C0-D9BF5F768691}"
EndProject
Global
	GlobalSection(SolutionConfigurationPlatforms) = preSolution
		Debug|Any CPU = Debug|Any CPU
		Release|Any CPU = Release|Any CPU
	EndGlobalSection
	GlobalSection(ProjectConfigurationPlatforms) = postSolution
		{0801BFBE-E357-4AAD-A197-6967F6CDEB38}.Debug|Any CPU.ActiveCfg = Debug|Any CPU
		{0801BFBE-E357-4AAD-A197-6967F6CDEB38}.Debug|Any CPU.Build.0 = Debug|Any CPU
		{0801BFBE-E357-4AAD-A197-6967F6CDEB38}.Release|Any CPU.ActiveCfg = Release|Any CPU
		{0801BFBE-E357-4AAD-A197-6967F6CDEB38}.Release|Any CPU.Build.0 = Release|Any CPU
		{F0D0B2F1-2DC1-4E38-8A9C-ABFFDE050883}.Debug|Any CPU.ActiveCfg = Debug|Any CPU
		{F0D0B2F1-2DC1-4E38-8A9C-ABFFDE050883}.Debug|Any CPU.Build.0 = Debug|Any CPU
		{F0D0B2F1-2DC1-4E38-8A9C-ABFFDE050883}.Release|Any CPU.ActiveCfg = Release|Any CPU
		{F0D0B2F1-2DC1-4E38-8A9C-ABFFDE050883}.Release|Any CPU.Build.0 = Release|Any CPU
		{DB446C76-A068-49B0-A4E7-0A7033020F04}.Debug|Any CPU.ActiveCfg = Debug|Any CPU
		{DB446C76-A068-49B0-A4E7-0A7033020F04}.Debug|Any CPU.Build.0 = Debug|Any CPU
		{DB446C76-A068-49B0-A4E7-0A7033020F04}.Release|Any CPU.ActiveCfg = Release|Any CPU
		{DB446C76-A068-49B0-A4E7-0A7033020F04}.Release|Any CPU.Build.0 = Release|Any CPU
		{D5599E45-2312-4298-AB59-D1E8FB7532C6}.Debug|Any CPU.ActiveCfg = Debug|Any CPU
		{D5599E45-2312-4298-AB59-D1E8FB7532C6}.Debug|Any CPU.Build.0 = Debug|Any CPU
		{D5599E45-2312-4298-AB59-D1E8FB7532C6}.Release|Any CPU.ActiveCfg = Release|Any CPU
		{D5599E45-2312-4298-AB59-D1E8FB7532C6}.Release|Any CPU.Build.0 = Release|Any CPU
		{6E9A57E0-395D-475E-9B1A-54CAB763C783}.Debug|Any CPU.ActiveCfg = Debug|Any CPU
		{6E9A57E0-395D-475E-9B1A-54CAB763C783}.Debug|Any CPU.Build.0 = Debug|Any CPU
		{6E9A57E0-395D-475E-9B1A-54CAB763C783}.Release|Any CPU.ActiveCfg = Release|Any CPU
		{6E9A57E0-395D-475E-9B1A-54CAB763C783}.Release|Any CPU.Build.0 = Release|Any CPU
		{ABFB86B6-B560-4F18-84C0-D9BF5F768691}.Debug|Any CPU.ActiveCfg = Debug|Any CPU
		{ABFB86B6-B560-4F18-84C0-D9BF5F768691}.Debug|Any CPU.Build.0 = Debug|Any CPU
		{ABFB86B6-B560-4F18-84C0-D9BF5F768691}.Release|Any CPU.ActiveCfg = Release|Any CPU
		{ABFB86B6-B560-4F18-84C0-D9BF5F768691}.Release|Any CPU.Build.0 = Release|Any CPU
	EndGlobalSection
	GlobalSection(SolutionProperties) = preSolution
		HideSolutionNode = FALSE
	EndGlobalSection
	GlobalSection(ExtensibilityGlobals) = postSolution
		SolutionGuid = {E67A7041-DE03-4DA0-99C9-07BD39DFA8DA}
	EndGlobalSection
EndGlobal
